
Microsoft Visual Studio Solution File, Format Version 12.00
# Visual Studio Version 17
VisualStudioVersion = 17.8.34322.80
MinimumVisualStudioVersion = 10.0.40219.1
Project("{FAE04EC0-301F-11D3-BF4B-00C04F79EFBC}") = "PokedexApp.Client", "BlazorApp1\PokedexApp.Client.csproj", "{EA696AC7-2D2F-4E2D-AED6-037E3E02A2FE}"
EndProject
Project("{FAE04EC0-301F-11D3-BF4B-00C04F79EFBC}") = "PokedexApp.Server", "PokedexApp.Server\PokedexApp.Server.csproj", "{29A28A5F-4D59-411D-846E-9FF17C75F262}"
EndProject
Project("{FAE04EC0-301F-11D3-BF4B-00C04F79EFBC}") = "PokedexApp.Shared", "PokedexApp.Shared\PokedexApp.Shared.csproj", "{DD25278C-56AC-467C-9980-B5115393352D}"
EndProject
Global
	GlobalSection(SolutionConfigurationPlatforms) = preSolution
		Debug|Any CPU = Debug|Any CPU
		Release|Any CPU = Release|Any CPU
	EndGlobalSection
	GlobalSection(ProjectConfigurationPlatforms) = postSolution
		{EA696AC7-2D2F-4E2D-AED6-037E3E02A2FE}.Debug|Any CPU.ActiveCfg = Debug|Any CPU
		{EA696AC7-2D2F-4E2D-AED6-037E3E02A2FE}.Debug|Any CPU.Build.0 = Debug|Any CPU
		{EA696AC7-2D2F-4E2D-AED6-037E3E02A2FE}.Release|Any CPU.ActiveCfg = Release|Any CPU
		{EA696AC7-2D2F-4E2D-AED6-037E3E02A2FE}.Release|Any CPU.Build.0 = Release|Any CPU
		{29A28A5F-4D59-411D-846E-9FF17C75F262}.Debug|Any CPU.ActiveCfg = Debug|Any CPU
		{29A28A5F-4D59-411D-846E-9FF17C75F262}.Debug|Any CPU.Build.0 = Debug|Any CPU
		{29A28A5F-4D59-411D-846E-9FF17C75F262}.Release|Any CPU.ActiveCfg = Release|Any CPU
		{29A28A5F-4D59-411D-846E-9FF17C75F262}.Release|Any CPU.Build.0 = Release|Any CPU
		{DD25278C-56AC-467C-9980-B5115393352D}.Debug|Any CPU.ActiveCfg = Debug|Any CPU
		{DD25278C-56AC-467C-9980-B5115393352D}.Debug|Any CPU.Build.0 = Debug|Any CPU
		{DD25278C-56AC-467C-9980-B5115393352D}.Release|Any CPU.ActiveCfg = Release|Any CPU
		{DD25278C-56AC-467C-9980-B5115393352D}.Release|Any CPU.Build.0 = Release|Any CPU
	EndGlobalSection
	GlobalSection(SolutionProperties) = preSolution
		HideSolutionNode = FALSE
	EndGlobalSection
	GlobalSection(ExtensibilityGlobals) = postSolution
		SolutionGuid = {6D6FBB41-EC3C-4CD6-9C3E-DAF6A9DEB9E2}
	EndGlobalSection
EndGlobal
